
Microsoft Visual Studio Solution File, Format Version 12.00
# Visual Studio 15
VisualStudioVersion = 15.0.28010.2019
MinimumVisualStudioVersion = 10.0.40219.1
Project("{FAE04EC0-301F-11D3-BF4B-00C04F79EFBC}") = "ChessLib", "ChessLib\ChessLib.csproj", "{72305E1F-27AA-407A-8ADC-C236AAFF0517}"
EndProject
Project("{FAE04EC0-301F-11D3-BF4B-00C04F79EFBC}") = "ChessLib.Tests", "ChessLib.Tests\ChessLib.Tests.csproj", "{8EDF4429-251A-416D-BB68-93F227191BCF}"
EndProject
Global
	GlobalSection(SolutionConfigurationPlatforms) = preSolution
		Debug|Any CPU = Debug|Any CPU
		Release|Any CPU = Release|Any CPU
	EndGlobalSection
	GlobalSection(ProjectConfigurationPlatforms) = postSolution
		{72305E1F-27AA-407A-8ADC-C236AAFF0517}.Debug|Any CPU.ActiveCfg = Debug|Any CPU
		{72305E1F-27AA-407A-8ADC-C236AAFF0517}.Debug|Any CPU.Build.0 = Debug|Any CPU
		{72305E1F-27AA-407A-8ADC-C236AAFF0517}.Release|Any CPU.ActiveCfg = Release|Any CPU
		{72305E1F-27AA-407A-8ADC-C236AAFF0517}.Release|Any CPU.Build.0 = Release|Any CPU
		{8EDF4429-251A-416D-BB68-93F227191BCF}.Debug|Any CPU.ActiveCfg = Debug|Any CPU
		{8EDF4429-251A-416D-BB68-93F227191BCF}.Debug|Any CPU.Build.0 = Debug|Any CPU
		{8EDF4429-251A-416D-BB68-93F227191BCF}.Release|Any CPU.ActiveCfg = Release|Any CPU
		{8EDF4429-251A-416D-BB68-93F227191BCF}.Release|Any CPU.Build.0 = Release|Any CPU
	EndGlobalSection
	GlobalSection(SolutionProperties) = preSolution
		HideSolutionNode = FALSE
	EndGlobalSection
	GlobalSection(ExtensibilityGlobals) = postSolution
		SolutionGuid = {AF8A3434-0E80-4910-A22D-D8152818C878}
	EndGlobalSection
EndGlobal
