
Microsoft Visual Studio Solution File, Format Version 12.00
# Visual Studio Version 16
VisualStudioVersion = 16.0.28922.388
MinimumVisualStudioVersion = 10.0.40219.1
Project("{9A19103F-16F7-4668-BE54-9A1E7A4F7556}") = "ChessLib.Parse", "ChessLib.Parse\ChessLib.Parse.csproj", "{B21DAC8A-705A-4237-9961-AE0B3E19F033}"
EndProject
Project("{9A19103F-16F7-4668-BE54-9A1E7A4F7556}") = "ChessLib.Parse.Tests", "ChessLib.Parse.Tests\ChessLib.Parse.Tests.csproj", "{60742E4D-3FE5-4980-8E84-92A8F1ACEBA9}"
EndProject
Project("{9A19103F-16F7-4668-BE54-9A1E7A4F7556}") = "ChessLib.Data", "ChessLib.Data\ChessLib.Data.csproj", "{B7C1799C-A422-46B1-BE5D-B2579C7006A4}"
EndProject
Project("{9A19103F-16F7-4668-BE54-9A1E7A4F7556}") = "ChessLib.Data.Tests", "ChessLib.Data.Tests\ChessLib.Data.Tests.csproj", "{2B22E531-EED0-41AD-B46E-389B8B198F52}"
EndProject
Project("{9A19103F-16F7-4668-BE54-9A1E7A4F7556}") = "ChessLib.Graphics", "ChessLib.Graphics\ChessLib.Graphics.csproj", "{ADF85E09-F7F7-44D3-AE3D-BA2CB4194BA7}"
EndProject
Project("{9A19103F-16F7-4668-BE54-9A1E7A4F7556}") = "ChessLib.Parse.Console", "ChessLib.Parse.Console\ChessLib.Parse.Console.csproj", "{071B4118-D68E-4035-8F77-5601842EF6FA}"
EndProject
Project("{FAE04EC0-301F-11D3-BF4B-00C04F79EFBC}") = "ChessLib.UCI", "ChessLib.UCI\ChessLib.UCI.csproj", "{956FC2A4-8718-4BDB-9836-EF45E6F91CF5}"
EndProject
Project("{9A19103F-16F7-4668-BE54-9A1E7A4F7556}") = "ChessLib.UCI.Tests", "ChessLib.UCI.Tests\ChessLib.UCI.Tests.csproj", "{3CE428CB-39DF-4B72-B00B-7C976AFF450A}"
EndProject
Project("{9A19103F-16F7-4668-BE54-9A1E7A4F7556}") = "ChessLib.ConsoleManualTesting", "ChessLib.ConsoleManualTesting\ChessLib.ConsoleManualTesting.csproj", "{B321840A-1D76-4DE9-891E-D35605ED4A2C}"
EndProject
Global
	GlobalSection(SolutionConfigurationPlatforms) = preSolution
		Debug|Any CPU = Debug|Any CPU
		Debug|x64 = Debug|x64
		Release|Any CPU = Release|Any CPU
		Release|x64 = Release|x64
		Releasex64|Any CPU = Releasex64|Any CPU
		Releasex64|x64 = Releasex64|x64
	EndGlobalSection
	GlobalSection(ProjectConfigurationPlatforms) = postSolution
		{B21DAC8A-705A-4237-9961-AE0B3E19F033}.Debug|Any CPU.ActiveCfg = Debug|Any CPU
		{B21DAC8A-705A-4237-9961-AE0B3E19F033}.Debug|Any CPU.Build.0 = Debug|Any CPU
		{B21DAC8A-705A-4237-9961-AE0B3E19F033}.Debug|x64.ActiveCfg = Debug|x64
		{B21DAC8A-705A-4237-9961-AE0B3E19F033}.Debug|x64.Build.0 = Debug|x64
		{B21DAC8A-705A-4237-9961-AE0B3E19F033}.Release|Any CPU.ActiveCfg = Release|Any CPU
		{B21DAC8A-705A-4237-9961-AE0B3E19F033}.Release|Any CPU.Build.0 = Release|Any CPU
		{B21DAC8A-705A-4237-9961-AE0B3E19F033}.Release|x64.ActiveCfg = Release|x64
		{B21DAC8A-705A-4237-9961-AE0B3E19F033}.Release|x64.Build.0 = Release|x64
		{B21DAC8A-705A-4237-9961-AE0B3E19F033}.Releasex64|Any CPU.ActiveCfg = Release|Any CPU
		{B21DAC8A-705A-4237-9961-AE0B3E19F033}.Releasex64|Any CPU.Build.0 = Release|Any CPU
		{B21DAC8A-705A-4237-9961-AE0B3E19F033}.Releasex64|x64.ActiveCfg = Release|x64
		{B21DAC8A-705A-4237-9961-AE0B3E19F033}.Releasex64|x64.Build.0 = Release|x64
		{60742E4D-3FE5-4980-8E84-92A8F1ACEBA9}.Debug|Any CPU.ActiveCfg = Debug|Any CPU
		{60742E4D-3FE5-4980-8E84-92A8F1ACEBA9}.Debug|Any CPU.Build.0 = Debug|Any CPU
		{60742E4D-3FE5-4980-8E84-92A8F1ACEBA9}.Debug|x64.ActiveCfg = Debug|x64
		{60742E4D-3FE5-4980-8E84-92A8F1ACEBA9}.Debug|x64.Build.0 = Debug|x64
		{60742E4D-3FE5-4980-8E84-92A8F1ACEBA9}.Release|Any CPU.ActiveCfg = Release|Any CPU
		{60742E4D-3FE5-4980-8E84-92A8F1ACEBA9}.Release|Any CPU.Build.0 = Release|Any CPU
		{60742E4D-3FE5-4980-8E84-92A8F1ACEBA9}.Release|x64.ActiveCfg = Release|x64
		{60742E4D-3FE5-4980-8E84-92A8F1ACEBA9}.Release|x64.Build.0 = Release|x64
		{60742E4D-3FE5-4980-8E84-92A8F1ACEBA9}.Releasex64|Any CPU.ActiveCfg = Releasex64|Any CPU
		{60742E4D-3FE5-4980-8E84-92A8F1ACEBA9}.Releasex64|Any CPU.Build.0 = Releasex64|Any CPU
		{60742E4D-3FE5-4980-8E84-92A8F1ACEBA9}.Releasex64|x64.ActiveCfg = Releasex64|x64
		{60742E4D-3FE5-4980-8E84-92A8F1ACEBA9}.Releasex64|x64.Build.0 = Releasex64|x64
		{B7C1799C-A422-46B1-BE5D-B2579C7006A4}.Debug|Any CPU.ActiveCfg = Debug|Any CPU
		{B7C1799C-A422-46B1-BE5D-B2579C7006A4}.Debug|Any CPU.Build.0 = Debug|Any CPU
		{B7C1799C-A422-46B1-BE5D-B2579C7006A4}.Debug|x64.ActiveCfg = Debug|x64
		{B7C1799C-A422-46B1-BE5D-B2579C7006A4}.Debug|x64.Build.0 = Debug|x64
		{B7C1799C-A422-46B1-BE5D-B2579C7006A4}.Release|Any CPU.ActiveCfg = Release|Any CPU
		{B7C1799C-A422-46B1-BE5D-B2579C7006A4}.Release|Any CPU.Build.0 = Release|Any CPU
		{B7C1799C-A422-46B1-BE5D-B2579C7006A4}.Release|x64.ActiveCfg = Release|x64
		{B7C1799C-A422-46B1-BE5D-B2579C7006A4}.Release|x64.Build.0 = Release|x64
		{B7C1799C-A422-46B1-BE5D-B2579C7006A4}.Releasex64|Any CPU.ActiveCfg = Release|Any CPU
		{B7C1799C-A422-46B1-BE5D-B2579C7006A4}.Releasex64|Any CPU.Build.0 = Release|Any CPU
		{B7C1799C-A422-46B1-BE5D-B2579C7006A4}.Releasex64|x64.ActiveCfg = Release|x64
		{B7C1799C-A422-46B1-BE5D-B2579C7006A4}.Releasex64|x64.Build.0 = Release|x64
		{2B22E531-EED0-41AD-B46E-389B8B198F52}.Debug|Any CPU.ActiveCfg = Debug|Any CPU
		{2B22E531-EED0-41AD-B46E-389B8B198F52}.Debug|Any CPU.Build.0 = Debug|Any CPU
		{2B22E531-EED0-41AD-B46E-389B8B198F52}.Debug|x64.ActiveCfg = Debug|x64
		{2B22E531-EED0-41AD-B46E-389B8B198F52}.Debug|x64.Build.0 = Debug|x64
		{2B22E531-EED0-41AD-B46E-389B8B198F52}.Release|Any CPU.ActiveCfg = Release|Any CPU
		{2B22E531-EED0-41AD-B46E-389B8B198F52}.Release|Any CPU.Build.0 = Release|Any CPU
		{2B22E531-EED0-41AD-B46E-389B8B198F52}.Release|x64.ActiveCfg = Release|x64
		{2B22E531-EED0-41AD-B46E-389B8B198F52}.Release|x64.Build.0 = Release|x64
		{2B22E531-EED0-41AD-B46E-389B8B198F52}.Releasex64|Any CPU.ActiveCfg = Releasex64|Any CPU
		{2B22E531-EED0-41AD-B46E-389B8B198F52}.Releasex64|Any CPU.Build.0 = Releasex64|Any CPU
		{2B22E531-EED0-41AD-B46E-389B8B198F52}.Releasex64|x64.ActiveCfg = Releasex64|x64
		{2B22E531-EED0-41AD-B46E-389B8B198F52}.Releasex64|x64.Build.0 = Releasex64|x64
		{ADF85E09-F7F7-44D3-AE3D-BA2CB4194BA7}.Debug|Any CPU.ActiveCfg = Debug|Any CPU
		{ADF85E09-F7F7-44D3-AE3D-BA2CB4194BA7}.Debug|Any CPU.Build.0 = Debug|Any CPU
		{ADF85E09-F7F7-44D3-AE3D-BA2CB4194BA7}.Debug|x64.ActiveCfg = Debug|x64
		{ADF85E09-F7F7-44D3-AE3D-BA2CB4194BA7}.Debug|x64.Build.0 = Debug|x64
		{ADF85E09-F7F7-44D3-AE3D-BA2CB4194BA7}.Release|Any CPU.ActiveCfg = Release|Any CPU
		{ADF85E09-F7F7-44D3-AE3D-BA2CB4194BA7}.Release|Any CPU.Build.0 = Release|Any CPU
		{ADF85E09-F7F7-44D3-AE3D-BA2CB4194BA7}.Release|x64.ActiveCfg = Release|x64
		{ADF85E09-F7F7-44D3-AE3D-BA2CB4194BA7}.Release|x64.Build.0 = Release|x64
		{ADF85E09-F7F7-44D3-AE3D-BA2CB4194BA7}.Releasex64|Any CPU.ActiveCfg = Release|Any CPU
		{ADF85E09-F7F7-44D3-AE3D-BA2CB4194BA7}.Releasex64|Any CPU.Build.0 = Release|Any CPU
		{ADF85E09-F7F7-44D3-AE3D-BA2CB4194BA7}.Releasex64|x64.ActiveCfg = Release|x64
		{ADF85E09-F7F7-44D3-AE3D-BA2CB4194BA7}.Releasex64|x64.Build.0 = Release|x64
		{071B4118-D68E-4035-8F77-5601842EF6FA}.Debug|Any CPU.ActiveCfg = Debug|Any CPU
		{071B4118-D68E-4035-8F77-5601842EF6FA}.Debug|Any CPU.Build.0 = Debug|Any CPU
		{071B4118-D68E-4035-8F77-5601842EF6FA}.Debug|x64.ActiveCfg = Debug|x64
		{071B4118-D68E-4035-8F77-5601842EF6FA}.Debug|x64.Build.0 = Debug|x64
		{071B4118-D68E-4035-8F77-5601842EF6FA}.Release|Any CPU.ActiveCfg = Release|Any CPU
		{071B4118-D68E-4035-8F77-5601842EF6FA}.Release|Any CPU.Build.0 = Release|Any CPU
		{071B4118-D68E-4035-8F77-5601842EF6FA}.Release|x64.ActiveCfg = Release|x64
		{071B4118-D68E-4035-8F77-5601842EF6FA}.Release|x64.Build.0 = Release|x64
		{071B4118-D68E-4035-8F77-5601842EF6FA}.Releasex64|Any CPU.ActiveCfg = Releasex64|Any CPU
		{071B4118-D68E-4035-8F77-5601842EF6FA}.Releasex64|Any CPU.Build.0 = Releasex64|Any CPU
		{071B4118-D68E-4035-8F77-5601842EF6FA}.Releasex64|x64.ActiveCfg = Releasex64|x64
		{071B4118-D68E-4035-8F77-5601842EF6FA}.Releasex64|x64.Build.0 = Releasex64|x64
		{956FC2A4-8718-4BDB-9836-EF45E6F91CF5}.Debug|Any CPU.ActiveCfg = Debug|Any CPU
		{956FC2A4-8718-4BDB-9836-EF45E6F91CF5}.Debug|Any CPU.Build.0 = Debug|Any CPU
		{956FC2A4-8718-4BDB-9836-EF45E6F91CF5}.Debug|x64.ActiveCfg = Debug|Any CPU
		{956FC2A4-8718-4BDB-9836-EF45E6F91CF5}.Debug|x64.Build.0 = Debug|Any CPU
		{956FC2A4-8718-4BDB-9836-EF45E6F91CF5}.Release|Any CPU.ActiveCfg = Release|Any CPU
		{956FC2A4-8718-4BDB-9836-EF45E6F91CF5}.Release|Any CPU.Build.0 = Release|Any CPU
		{956FC2A4-8718-4BDB-9836-EF45E6F91CF5}.Release|x64.ActiveCfg = Release|Any CPU
		{956FC2A4-8718-4BDB-9836-EF45E6F91CF5}.Release|x64.Build.0 = Release|Any CPU
		{956FC2A4-8718-4BDB-9836-EF45E6F91CF5}.Releasex64|Any CPU.ActiveCfg = Release|Any CPU
		{956FC2A4-8718-4BDB-9836-EF45E6F91CF5}.Releasex64|Any CPU.Build.0 = Release|Any CPU
		{956FC2A4-8718-4BDB-9836-EF45E6F91CF5}.Releasex64|x64.ActiveCfg = Release|Any CPU
		{956FC2A4-8718-4BDB-9836-EF45E6F91CF5}.Releasex64|x64.Build.0 = Release|Any CPU
		{3CE428CB-39DF-4B72-B00B-7C976AFF450A}.Debug|Any CPU.ActiveCfg = Debug|Any CPU
		{3CE428CB-39DF-4B72-B00B-7C976AFF450A}.Debug|Any CPU.Build.0 = Debug|Any CPU
		{3CE428CB-39DF-4B72-B00B-7C976AFF450A}.Debug|x64.ActiveCfg = Debug|Any CPU
		{3CE428CB-39DF-4B72-B00B-7C976AFF450A}.Debug|x64.Build.0 = Debug|Any CPU
		{3CE428CB-39DF-4B72-B00B-7C976AFF450A}.Release|Any CPU.ActiveCfg = Release|Any CPU
		{3CE428CB-39DF-4B72-B00B-7C976AFF450A}.Release|Any CPU.Build.0 = Release|Any CPU
		{3CE428CB-39DF-4B72-B00B-7C976AFF450A}.Release|x64.ActiveCfg = Release|Any CPU
		{3CE428CB-39DF-4B72-B00B-7C976AFF450A}.Release|x64.Build.0 = Release|Any CPU
		{3CE428CB-39DF-4B72-B00B-7C976AFF450A}.Releasex64|Any CPU.ActiveCfg = Release|Any CPU
		{3CE428CB-39DF-4B72-B00B-7C976AFF450A}.Releasex64|Any CPU.Build.0 = Release|Any CPU
		{3CE428CB-39DF-4B72-B00B-7C976AFF450A}.Releasex64|x64.ActiveCfg = Release|Any CPU
		{3CE428CB-39DF-4B72-B00B-7C976AFF450A}.Releasex64|x64.Build.0 = Release|Any CPU
		{B321840A-1D76-4DE9-891E-D35605ED4A2C}.Debug|Any CPU.ActiveCfg = Debug|Any CPU
		{B321840A-1D76-4DE9-891E-D35605ED4A2C}.Debug|Any CPU.Build.0 = Debug|Any CPU
		{B321840A-1D76-4DE9-891E-D35605ED4A2C}.Debug|x64.ActiveCfg = Debug|x64
		{B321840A-1D76-4DE9-891E-D35605ED4A2C}.Debug|x64.Build.0 = Debug|x64
		{B321840A-1D76-4DE9-891E-D35605ED4A2C}.Release|Any CPU.ActiveCfg = Release|Any CPU
		{B321840A-1D76-4DE9-891E-D35605ED4A2C}.Release|Any CPU.Build.0 = Release|Any CPU
		{B321840A-1D76-4DE9-891E-D35605ED4A2C}.Release|x64.ActiveCfg = Release|x64
		{B321840A-1D76-4DE9-891E-D35605ED4A2C}.Release|x64.Build.0 = Release|x64
		{B321840A-1D76-4DE9-891E-D35605ED4A2C}.Releasex64|Any CPU.ActiveCfg = Releasex64|Any CPU
		{B321840A-1D76-4DE9-891E-D35605ED4A2C}.Releasex64|Any CPU.Build.0 = Releasex64|Any CPU
		{B321840A-1D76-4DE9-891E-D35605ED4A2C}.Releasex64|x64.ActiveCfg = Releasex64|x64
		{B321840A-1D76-4DE9-891E-D35605ED4A2C}.Releasex64|x64.Build.0 = Releasex64|x64
	EndGlobalSection
	GlobalSection(SolutionProperties) = preSolution
		HideSolutionNode = FALSE
	EndGlobalSection
	GlobalSection(ExtensibilityGlobals) = postSolution
		SolutionGuid = {AF8A3434-0E80-4910-A22D-D8152818C878}
	EndGlobalSection
	GlobalSection(Performance) = preSolution
		HasPerformanceSessions = true
	EndGlobalSection
	GlobalSection(Performance) = preSolution
		HasPerformanceSessions = true
	EndGlobalSection
EndGlobal
